// !$*UTF8*$!
{
	archiveVersion = 1;
	classes = {
	};
	objectVersion = 77;
	objects = {

/* Begin PBXBuildFile section */
		73C7EBDD2DCF963D00BAC253 /* WidgetKit.framework in Frameworks */ = {isa = PBXBuildFile; fileRef = 73C7EBDC2DCF963D00BAC253 /* WidgetKit.framework */; };
		73C7EBDF2DCF963D00BAC253 /* SwiftUI.framework in Frameworks */ = {isa = PBXBuildFile; fileRef = 73C7EBDE2DCF963D00BAC253 /* SwiftUI.framework */; };
		73C7EBF02DCF963E00BAC253 /* LiveRecordingExtension.appex in Embed Foundation Extensions */ = {isa = PBXBuildFile; fileRef = 73C7EBDA2DCF963D00BAC253 /* LiveRecordingExtension.appex */; settings = {ATTRIBUTES = (RemoveHeadersOnCopy, ); }; };
/* End PBXBuildFile section */

/* Begin PBXContainerItemProxy section */
		73C7EBA02DCE7D0900BAC253 /* PBXContainerItemProxy */ = {
			isa = PBXContainerItemProxy;
			containerPortal = 73C7EB872DCE7D0800BAC253 /* Project object */;
			proxyType = 1;
			remoteGlobalIDString = 73C7EB8E2DCE7D0800BAC253;
			remoteInfo = fieldnola;
		};
		73C7EBAA2DCE7D0900BAC253 /* PBXContainerItemProxy */ = {
			isa = PBXContainerItemProxy;
			containerPortal = 73C7EB872DCE7D0800BAC253 /* Project object */;
			proxyType = 1;
			remoteGlobalIDString = 73C7EB8E2DCE7D0800BAC253;
			remoteInfo = fieldnola;
		};
		73C7EBEE2DCF963E00BAC253 /* PBXContainerItemProxy */ = {
			isa = PBXContainerItemProxy;
			containerPortal = 73C7EB872DCE7D0800BAC253 /* Project object */;
			proxyType = 1;
			remoteGlobalIDString = 73C7EBD92DCF963D00BAC253;
			remoteInfo = LiveRecordingExtension;
		};
/* End PBXContainerItemProxy section */

/* Begin PBXCopyFilesBuildPhase section */
		73C7EBF52DCF963E00BAC253 /* Embed Foundation Extensions */ = {
			isa = PBXCopyFilesBuildPhase;
			buildActionMask = 2147483647;
			dstPath = "";
			dstSubfolderSpec = 13;
			files = (
				73C7EBF02DCF963E00BAC253 /* LiveRecordingExtension.appex in Embed Foundation Extensions */,
			);
			name = "Embed Foundation Extensions";
			runOnlyForDeploymentPostprocessing = 0;
		};
/* End PBXCopyFilesBuildPhase section */

/* Begin PBXFileReference section */
		73C7EB8F2DCE7D0800BAC253 /* fieldnola.app */ = {isa = PBXFileReference; explicitFileType = wrapper.application; includeInIndex = 0; path = fieldnola.app; sourceTree = BUILT_PRODUCTS_DIR; };
		73C7EB9F2DCE7D0900BAC253 /* fieldnolaTests.xctest */ = {isa = PBXFileReference; explicitFileType = wrapper.cfbundle; includeInIndex = 0; path = fieldnolaTests.xctest; sourceTree = BUILT_PRODUCTS_DIR; };
		73C7EBA92DCE7D0900BAC253 /* fieldnolaUITests.xctest */ = {isa = PBXFileReference; explicitFileType = wrapper.cfbundle; includeInIndex = 0; path = fieldnolaUITests.xctest; sourceTree = BUILT_PRODUCTS_DIR; };
		73C7EBDA2DCF963D00BAC253 /* LiveRecordingExtension.appex */ = {isa = PBXFileReference; explicitFileType = "wrapper.app-extension"; includeInIndex = 0; path = LiveRecordingExtension.appex; sourceTree = BUILT_PRODUCTS_DIR; };
		73C7EBDC2DCF963D00BAC253 /* WidgetKit.framework */ = {isa = PBXFileReference; lastKnownFileType = wrapper.framework; name = WidgetKit.framework; path = System/Library/Frameworks/WidgetKit.framework; sourceTree = SDKROOT; };
		73C7EBDE2DCF963D00BAC253 /* SwiftUI.framework */ = {isa = PBXFileReference; lastKnownFileType = wrapper.framework; name = SwiftUI.framework; path = System/Library/Frameworks/SwiftUI.framework; sourceTree = SDKROOT; };
/* End PBXFileReference section */

/* Begin PBXFileSystemSynchronizedBuildFileExceptionSet section */
		73C7EBF12DCF963E00BAC253 /* Exceptions for "LiveRecording" folder in "LiveRecordingExtension" target */ = {
			isa = PBXFileSystemSynchronizedBuildFileExceptionSet;
			membershipExceptions = (
				Info.plist,
			);
			target = 73C7EBD92DCF963D00BAC253 /* LiveRecordingExtension */;
		};
/* End PBXFileSystemSynchronizedBuildFileExceptionSet section */

/* Begin PBXFileSystemSynchronizedRootGroup section */
		73C7EB912DCE7D0800BAC253 /* fieldnola */ = {
			isa = PBXFileSystemSynchronizedRootGroup;
			path = fieldnola;
			sourceTree = "<group>";
		};
		73C7EBA22DCE7D0900BAC253 /* fieldnolaTests */ = {
			isa = PBXFileSystemSynchronizedRootGroup;
			path = fieldnolaTests;
			sourceTree = "<group>";
		};
		73C7EBAC2DCE7D0900BAC253 /* fieldnolaUITests */ = {
			isa = PBXFileSystemSynchronizedRootGroup;
			path = fieldnolaUITests;
			sourceTree = "<group>";
		};
		73C7EBE02DCF963D00BAC253 /* LiveRecording */ = {
			isa = PBXFileSystemSynchronizedRootGroup;
			exceptions = (
				73C7EBF12DCF963E00BAC253 /* Exceptions for "LiveRecording" folder in "LiveRecordingExtension" target */,
			);
			path = LiveRecording;
			sourceTree = "<group>";
		};
/* End PBXFileSystemSynchronizedRootGroup section */

/* Begin PBXFrameworksBuildPhase section */
		73C7EB8C2DCE7D0800BAC253 /* Frameworks */ = {
			isa = PBXFrameworksBuildPhase;
			buildActionMask = 2147483647;
			files = (
			);
			runOnlyForDeploymentPostprocessing = 0;
		};
		73C7EB9C2DCE7D0900BAC253 /* Frameworks */ = {
			isa = PBXFrameworksBuildPhase;
			buildActionMask = 2147483647;
			files = (
			);
			runOnlyForDeploymentPostprocessing = 0;
		};
		73C7EBA62DCE7D0900BAC253 /* Frameworks */ = {
			isa = PBXFrameworksBuildPhase;
			buildActionMask = 2147483647;
			files = (
			);
			runOnlyForDeploymentPostprocessing = 0;
		};
		73C7EBD72DCF963D00BAC253 /* Frameworks */ = {
			isa = PBXFrameworksBuildPhase;
			buildActionMask = 2147483647;
			files = (
				73C7EBDF2DCF963D00BAC253 /* SwiftUI.framework in Frameworks */,
				73C7EBDD2DCF963D00BAC253 /* WidgetKit.framework in Frameworks */,
			);
			runOnlyForDeploymentPostprocessing = 0;
		};
/* End PBXFrameworksBuildPhase section */

/* Begin PBXGroup section */
		73C7EB862DCE7D0800BAC253 = {
			isa = PBXGroup;
			children = (
				73C7EB912DCE7D0800BAC253 /* fieldnola */,
				73C7EBA22DCE7D0900BAC253 /* fieldnolaTests */,
				73C7EBAC2DCE7D0900BAC253 /* fieldnolaUITests */,
				73C7EBE02DCF963D00BAC253 /* LiveRecording */,
				73C7EBDB2DCF963D00BAC253 /* Frameworks */,
				73C7EB902DCE7D0800BAC253 /* Products */,
			);
			sourceTree = "<group>";
		};
		73C7EB902DCE7D0800BAC253 /* Products */ = {
			isa = PBXGroup;
			children = (
				73C7EB8F2DCE7D0800BAC253 /* fieldnola.app */,
				73C7EB9F2DCE7D0900BAC253 /* fieldnolaTests.xctest */,
				73C7EBA92DCE7D0900BAC253 /* fieldnolaUITests.xctest */,
				73C7EBDA2DCF963D00BAC253 /* LiveRecordingExtension.appex */,
			);
			name = Products;
			sourceTree = "<group>";
		};
		73C7EBDB2DCF963D00BAC253 /* Frameworks */ = {
			isa = PBXGroup;
			children = (
				73C7EBDC2DCF963D00BAC253 /* WidgetKit.framework */,
				73C7EBDE2DCF963D00BAC253 /* SwiftUI.framework */,
			);
			name = Frameworks;
			sourceTree = "<group>";
		};
/* End PBXGroup section */

/* Begin PBXNativeTarget section */
		73C7EB8E2DCE7D0800BAC253 /* fieldnola */ = {
			isa = PBXNativeTarget;
			buildConfigurationList = 73C7EBB32DCE7D0900BAC253 /* Build configuration list for PBXNativeTarget "fieldnola" */;
			buildPhases = (
				73C7EB8B2DCE7D0800BAC253 /* Sources */,
				73C7EB8C2DCE7D0800BAC253 /* Frameworks */,
				73C7EB8D2DCE7D0800BAC253 /* Resources */,
				73C7EBF52DCF963E00BAC253 /* Embed Foundation Extensions */,
			);
			buildRules = (
			);
			dependencies = (
				73C7EBEF2DCF963E00BAC253 /* PBXTargetDependency */,
			);
			fileSystemSynchronizedGroups = (
				73C7EB912DCE7D0800BAC253 /* fieldnola */,
			);
			name = fieldnola;
			packageProductDependencies = (
			);
			productName = fieldnola;
			productReference = 73C7EB8F2DCE7D0800BAC253 /* fieldnola.app */;
			productType = "com.apple.product-type.application";
		};
		73C7EB9E2DCE7D0900BAC253 /* fieldnolaTests */ = {
			isa = PBXNativeTarget;
			buildConfigurationList = 73C7EBB62DCE7D0900BAC253 /* Build configuration list for PBXNativeTarget "fieldnolaTests" */;
			buildPhases = (
				73C7EB9B2DCE7D0900BAC253 /* Sources */,
				73C7EB9C2DCE7D0900BAC253 /* Frameworks */,
				73C7EB9D2DCE7D0900BAC253 /* Resources */,
			);
			buildRules = (
			);
			dependencies = (
				73C7EBA12DCE7D0900BAC253 /* PBXTargetDependency */,
			);
			fileSystemSynchronizedGroups = (
				73C7EBA22DCE7D0900BAC253 /* fieldnolaTests */,
			);
			name = fieldnolaTests;
			packageProductDependencies = (
			);
			productName = fieldnolaTests;
			productReference = 73C7EB9F2DCE7D0900BAC253 /* fieldnolaTests.xctest */;
			productType = "com.apple.product-type.bundle.unit-test";
		};
		73C7EBA82DCE7D0900BAC253 /* fieldnolaUITests */ = {
			isa = PBXNativeTarget;
			buildConfigurationList = 73C7EBB92DCE7D0900BAC253 /* Build configuration list for PBXNativeTarget "fieldnolaUITests" */;
			buildPhases = (
				73C7EBA52DCE7D0900BAC253 /* Sources */,
				73C7EBA62DCE7D0900BAC253 /* Frameworks */,
				73C7EBA72DCE7D0900BAC253 /* Resources */,
			);
			buildRules = (
			);
			dependencies = (
				73C7EBAB2DCE7D0900BAC253 /* PBXTargetDependency */,
			);
			fileSystemSynchronizedGroups = (
				73C7EBAC2DCE7D0900BAC253 /* fieldnolaUITests */,
			);
			name = fieldnolaUITests;
			packageProductDependencies = (
			);
			productName = fieldnolaUITests;
			productReference = 73C7EBA92DCE7D0900BAC253 /* fieldnolaUITests.xctest */;
			productType = "com.apple.product-type.bundle.ui-testing";
		};
		73C7EBD92DCF963D00BAC253 /* LiveRecordingExtension */ = {
			isa = PBXNativeTarget;
			buildConfigurationList = 73C7EBF22DCF963E00BAC253 /* Build configuration list for PBXNativeTarget "LiveRecordingExtension" */;
			buildPhases = (
				73C7EBD62DCF963D00BAC253 /* Sources */,
				73C7EBD72DCF963D00BAC253 /* Frameworks */,
				73C7EBD82DCF963D00BAC253 /* Resources */,
			);
			buildRules = (
			);
			dependencies = (
			);
			fileSystemSynchronizedGroups = (
				73C7EBE02DCF963D00BAC253 /* LiveRecording */,
			);
			name = LiveRecordingExtension;
			packageProductDependencies = (
			);
			productName = LiveRecordingExtension;
			productReference = 73C7EBDA2DCF963D00BAC253 /* LiveRecordingExtension.appex */;
			productType = "com.apple.product-type.app-extension";
		};
/* End PBXNativeTarget section */

/* Begin PBXProject section */
		73C7EB872DCE7D0800BAC253 /* Project object */ = {
			isa = PBXProject;
			attributes = {
				BuildIndependentTargetsInParallel = 1;
				LastSwiftUpdateCheck = 1620;
				LastUpgradeCheck = 1620;
				TargetAttributes = {
					73C7EB8E2DCE7D0800BAC253 = {
						CreatedOnToolsVersion = 16.2;
					};
					73C7EB9E2DCE7D0900BAC253 = {
						CreatedOnToolsVersion = 16.2;
						TestTargetID = 73C7EB8E2DCE7D0800BAC253;
					};
					73C7EBA82DCE7D0900BAC253 = {
						CreatedOnToolsVersion = 16.2;
						TestTargetID = 73C7EB8E2DCE7D0800BAC253;
					};
					73C7EBD92DCF963D00BAC253 = {
						CreatedOnToolsVersion = 16.2;
					};
				};
			};
			buildConfigurationList = 73C7EB8A2DCE7D0800BAC253 /* Build configuration list for PBXProject "fieldnola" */;
			developmentRegion = en;
			hasScannedForEncodings = 0;
			knownRegions = (
				en,
				Base,
			);
			mainGroup = 73C7EB862DCE7D0800BAC253;
			minimizedProjectReferenceProxies = 1;
			preferredProjectObjectVersion = 77;
			productRefGroup = 73C7EB902DCE7D0800BAC253 /* Products */;
			projectDirPath = "";
			projectRoot = "";
			targets = (
				73C7EB8E2DCE7D0800BAC253 /* fieldnola */,
				73C7EB9E2DCE7D0900BAC253 /* fieldnolaTests */,
				73C7EBA82DCE7D0900BAC253 /* fieldnolaUITests */,
				73C7EBD92DCF963D00BAC253 /* LiveRecordingExtension */,
			);
		};
/* End PBXProject section */

/* Begin PBXResourcesBuildPhase section */
		73C7EB8D2DCE7D0800BAC253 /* Resources */ = {
			isa = PBXResourcesBuildPhase;
			buildActionMask = 2147483647;
			files = (
			);
			runOnlyForDeploymentPostprocessing = 0;
		};
		73C7EB9D2DCE7D0900BAC253 /* Resources */ = {
			isa = PBXResourcesBuildPhase;
			buildActionMask = 2147483647;
			files = (
			);
			runOnlyForDeploymentPostprocessing = 0;
		};
		73C7EBA72DCE7D0900BAC253 /* Resources */ = {
			isa = PBXResourcesBuildPhase;
			buildActionMask = 2147483647;
			files = (
			);
			runOnlyForDeploymentPostprocessing = 0;
		};
		73C7EBD82DCF963D00BAC253 /* Resources */ = {
			isa = PBXResourcesBuildPhase;
			buildActionMask = 2147483647;
			files = (
			);
			runOnlyForDeploymentPostprocessing = 0;
		};
/* End PBXResourcesBuildPhase section */

/* Begin PBXSourcesBuildPhase section */
		73C7EB8B2DCE7D0800BAC253 /* Sources */ = {
			isa = PBXSourcesBuildPhase;
			buildActionMask = 2147483647;
			files = (
			);
			runOnlyForDeploymentPostprocessing = 0;
		};
		73C7EB9B2DCE7D0900BAC253 /* Sources */ = {
			isa = PBXSourcesBuildPhase;
			buildActionMask = 2147483647;
			files = (
			);
			runOnlyForDeploymentPostprocessing = 0;
		};
		73C7EBA52DCE7D0900BAC253 /* Sources */ = {
			isa = PBXSourcesBuildPhase;
			buildActionMask = 2147483647;
			files = (
			);
			runOnlyForDeploymentPostprocessing = 0;
		};
		73C7EBD62DCF963D00BAC253 /* Sources */ = {
			isa = PBXSourcesBuildPhase;
			buildActionMask = 2147483647;
			files = (
			);
			runOnlyForDeploymentPostprocessing = 0;
		};
/* End PBXSourcesBuildPhase section */

/* Begin PBXTargetDependency section */
		73C7EBA12DCE7D0900BAC253 /* PBXTargetDependency */ = {
			isa = PBXTargetDependency;
			target = 73C7EB8E2DCE7D0800BAC253 /* fieldnola */;
			targetProxy = 73C7EBA02DCE7D0900BAC253 /* PBXContainerItemProxy */;
		};
		73C7EBAB2DCE7D0900BAC253 /* PBXTargetDependency */ = {
			isa = PBXTargetDependency;
			target = 73C7EB8E2DCE7D0800BAC253 /* fieldnola */;
			targetProxy = 73C7EBAA2DCE7D0900BAC253 /* PBXContainerItemProxy */;
		};
		73C7EBEF2DCF963E00BAC253 /* PBXTargetDependency */ = {
			isa = PBXTargetDependency;
			target = 73C7EBD92DCF963D00BAC253 /* LiveRecordingExtension */;
			targetProxy = 73C7EBEE2DCF963E00BAC253 /* PBXContainerItemProxy */;
		};
/* End PBXTargetDependency section */

/* Begin XCBuildConfiguration section */
		73C7EBB12DCE7D0900BAC253 /* Debug */ = {
			isa = XCBuildConfiguration;
			buildSettings = {
				ALWAYS_SEARCH_USER_PATHS = NO;
				ASSETCATALOG_COMPILER_GENERATE_SWIFT_ASSET_SYMBOL_EXTENSIONS = YES;
				CLANG_ANALYZER_NONNULL = YES;
				CLANG_ANALYZER_NUMBER_OBJECT_CONVERSION = YES_AGGRESSIVE;
				CLANG_CXX_LANGUAGE_STANDARD = "gnu++20";
				CLANG_ENABLE_MODULES = YES;
				CLANG_ENABLE_OBJC_ARC = YES;
				CLANG_ENABLE_OBJC_WEAK = YES;
				CLANG_WARN_BLOCK_CAPTURE_AUTORELEASING = YES;
				CLANG_WARN_BOOL_CONVERSION = YES;
				CLANG_WARN_COMMA = YES;
				CLANG_WARN_CONSTANT_CONVERSION = YES;
				CLANG_WARN_DEPRECATED_OBJC_IMPLEMENTATIONS = YES;
				CLANG_WARN_DIRECT_OBJC_ISA_USAGE = YES_ERROR;
				CLANG_WARN_DOCUMENTATION_COMMENTS = YES;
				CLANG_WARN_EMPTY_BODY = YES;
				CLANG_WARN_ENUM_CONVERSION = YES;
				CLANG_WARN_INFINITE_RECURSION = YES;
				CLANG_WARN_INT_CONVERSION = YES;
				CLANG_WARN_NON_LITERAL_NULL_CONVERSION = YES;
				CLANG_WARN_OBJC_IMPLICIT_RETAIN_SELF = YES;
				CLANG_WARN_OBJC_LITERAL_CONVERSION = YES;
				CLANG_WARN_OBJC_ROOT_CLASS = YES_ERROR;
				CLANG_WARN_QUOTED_INCLUDE_IN_FRAMEWORK_HEADER = YES;
				CLANG_WARN_RANGE_LOOP_ANALYSIS = YES;
				CLANG_WARN_STRICT_PROTOTYPES = YES;
				CLANG_WARN_SUSPICIOUS_MOVE = YES;
				CLANG_WARN_UNGUARDED_AVAILABILITY = YES_AGGRESSIVE;
				CLANG_WARN_UNREACHABLE_CODE = YES;
				CLANG_WARN__DUPLICATE_METHOD_MATCH = YES;
				COPY_PHASE_STRIP = NO;
				DEBUG_INFORMATION_FORMAT = dwarf;
				ENABLE_STRICT_OBJC_MSGSEND = YES;
				ENABLE_TESTABILITY = YES;
				ENABLE_USER_SCRIPT_SANDBOXING = YES;
				GCC_C_LANGUAGE_STANDARD = gnu17;
				GCC_DYNAMIC_NO_PIC = NO;
				GCC_NO_COMMON_BLOCKS = YES;
				GCC_OPTIMIZATION_LEVEL = 0;
				GCC_PREPROCESSOR_DEFINITIONS = (
					"DEBUG=1",
					"$(inherited)",
				);
				GCC_WARN_64_TO_32_BIT_CONVERSION = YES;
				GCC_WARN_ABOUT_RETURN_TYPE = YES_ERROR;
				GCC_WARN_UNDECLARED_SELECTOR = YES;
				GCC_WARN_UNINITIALIZED_AUTOS = YES_AGGRESSIVE;
				GCC_WARN_UNUSED_FUNCTION = YES;
				GCC_WARN_UNUSED_VARIABLE = YES;
				IPHONEOS_DEPLOYMENT_TARGET = 18.2;
				LOCALIZATION_PREFERS_STRING_CATALOGS = YES;
				MTL_ENABLE_DEBUG_INFO = INCLUDE_SOURCE;
				MTL_FAST_MATH = YES;
				ONLY_ACTIVE_ARCH = YES;
				SDKROOT = iphoneos;
				SWIFT_ACTIVE_COMPILATION_CONDITIONS = "DEBUG $(inherited)";
				SWIFT_OPTIMIZATION_LEVEL = "-Onone";
			};
			name = Debug;
		};
		73C7EBB22DCE7D0900BAC253 /* Release */ = {
			isa = XCBuildConfiguration;
			buildSettings = {
				ALWAYS_SEARCH_USER_PATHS = NO;
				ASSETCATALOG_COMPILER_GENERATE_SWIFT_ASSET_SYMBOL_EXTENSIONS = YES;
				CLANG_ANALYZER_NONNULL = YES;
				CLANG_ANALYZER_NUMBER_OBJECT_CONVERSION = YES_AGGRESSIVE;
				CLANG_CXX_LANGUAGE_STANDARD = "gnu++20";
				CLANG_ENABLE_MODULES = YES;
				CLANG_ENABLE_OBJC_ARC = YES;
				CLANG_ENABLE_OBJC_WEAK = YES;
				CLANG_WARN_BLOCK_CAPTURE_AUTORELEASING = YES;
				CLANG_WARN_BOOL_CONVERSION = YES;
				CLANG_WARN_COMMA = YES;
				CLANG_WARN_CONSTANT_CONVERSION = YES;
				CLANG_WARN_DEPRECATED_OBJC_IMPLEMENTATIONS = YES;
				CLANG_WARN_DIRECT_OBJC_ISA_USAGE = YES_ERROR;
				CLANG_WARN_DOCUMENTATION_COMMENTS = YES;
				CLANG_WARN_EMPTY_BODY = YES;
				CLANG_WARN_ENUM_CONVERSION = YES;
				CLANG_WARN_INFINITE_RECURSION = YES;
				CLANG_WARN_INT_CONVERSION = YES;
				CLANG_WARN_NON_LITERAL_NULL_CONVERSION = YES;
				CLANG_WARN_OBJC_IMPLICIT_RETAIN_SELF = YES;
				CLANG_WARN_OBJC_LITERAL_CONVERSION = YES;
				CLANG_WARN_OBJC_ROOT_CLASS = YES_ERROR;
				CLANG_WARN_QUOTED_INCLUDE_IN_FRAMEWORK_HEADER = YES;
				CLANG_WARN_RANGE_LOOP_ANALYSIS = YES;
				CLANG_WARN_STRICT_PROTOTYPES = YES;
				CLANG_WARN_SUSPICIOUS_MOVE = YES;
				CLANG_WARN_UNGUARDED_AVAILABILITY = YES_AGGRESSIVE;
				CLANG_WARN_UNREACHABLE_CODE = YES;
				CLANG_WARN__DUPLICATE_METHOD_MATCH = YES;
				COPY_PHASE_STRIP = NO;
				DEBUG_INFORMATION_FORMAT = "dwarf-with-dsym";
				ENABLE_NS_ASSERTIONS = NO;
				ENABLE_STRICT_OBJC_MSGSEND = YES;
				ENABLE_USER_SCRIPT_SANDBOXING = YES;
				GCC_C_LANGUAGE_STANDARD = gnu17;
				GCC_NO_COMMON_BLOCKS = YES;
				GCC_WARN_64_TO_32_BIT_CONVERSION = YES;
				GCC_WARN_ABOUT_RETURN_TYPE = YES_ERROR;
				GCC_WARN_UNDECLARED_SELECTOR = YES;
				GCC_WARN_UNINITIALIZED_AUTOS = YES_AGGRESSIVE;
				GCC_WARN_UNUSED_FUNCTION = YES;
				GCC_WARN_UNUSED_VARIABLE = YES;
				IPHONEOS_DEPLOYMENT_TARGET = 18.2;
				LOCALIZATION_PREFERS_STRING_CATALOGS = YES;
				MTL_ENABLE_DEBUG_INFO = NO;
				MTL_FAST_MATH = YES;
				SDKROOT = iphoneos;
				SWIFT_COMPILATION_MODE = wholemodule;
				VALIDATE_PRODUCT = YES;
			};
			name = Release;
		};
		73C7EBB42DCE7D0900BAC253 /* Debug */ = {
			isa = XCBuildConfiguration;
			buildSettings = {
				ASSETCATALOG_COMPILER_APPICON_NAME = AppIcon;
				ASSETCATALOG_COMPILER_GLOBAL_ACCENT_COLOR_NAME = AccentColor;
				CODE_SIGN_STYLE = Automatic;
				CURRENT_PROJECT_VERSION = 1;
				DEVELOPMENT_ASSET_PATHS = "\"fieldnola/Preview Content\"";
				DEVELOPMENT_TEAM = 33UD8ZN95P;
				ENABLE_PREVIEWS = YES;
				GENERATE_INFOPLIST_FILE = YES;
				INFOPLIST_KEY_NSSupportsLiveActivities = YES;
				INFOPLIST_KEY_UIApplicationSceneManifest_Generation = YES;
				INFOPLIST_KEY_UIApplicationSupportsIndirectInputEvents = YES;
				INFOPLIST_KEY_UILaunchScreen_Generation = YES;
				INFOPLIST_KEY_UISupportedInterfaceOrientations_iPad = "UIInterfaceOrientationPortrait UIInterfaceOrientationPortraitUpsideDown UIInterfaceOrientationLandscapeLeft UIInterfaceOrientationLandscapeRight";
				INFOPLIST_KEY_UISupportedInterfaceOrientations_iPhone = "UIInterfaceOrientationPortrait UIInterfaceOrientationLandscapeLeft UIInterfaceOrientationLandscapeRight";
				LD_RUNPATH_SEARCH_PATHS = (
					"$(inherited)",
					"@executable_path/Frameworks",
				);
				MARKETING_VERSION = 1.0;
				PRODUCT_BUNDLE_IDENTIFIER = adomas.fieldnola;
				PRODUCT_NAME = "$(TARGET_NAME)";
				SWIFT_EMIT_LOC_STRINGS = YES;
				SWIFT_VERSION = 5.0;
				TARGETED_DEVICE_FAMILY = "1,2";
			};
			name = Debug;
		};
		73C7EBB52DCE7D0900BAC253 /* Release */ = {
			isa = XCBuildConfiguration;
			buildSettings = {
				ASSETCATALOG_COMPILER_APPICON_NAME = AppIcon;
				ASSETCATALOG_COMPILER_GLOBAL_ACCENT_COLOR_NAME = AccentColor;
				CODE_SIGN_STYLE = Automatic;
				CURRENT_PROJECT_VERSION = 1;
				DEVELOPMENT_ASSET_PATHS = "\"fieldnola/Preview Content\"";
				DEVELOPMENT_TEAM = 33UD8ZN95P;
				ENABLE_PREVIEWS = YES;
				GENERATE_INFOPLIST_FILE = YES;
				INFOPLIST_KEY_NSSupportsLiveActivities = YES;
				INFOPLIST_KEY_UIApplicationSceneManifest_Generation = YES;
				INFOPLIST_KEY_UIApplicationSupportsIndirectInputEvents = YES;
				INFOPLIST_KEY_UILaunchScreen_Generation = YES;
				INFOPLIST_KEY_UISupportedInterfaceOrientations_iPad = "UIInterfaceOrientationPortrait UIInterfaceOrientationPortraitUpsideDown UIInterfaceOrientationLandscapeLeft UIInterfaceOrientationLandscapeRight";
				INFOPLIST_KEY_UISupportedInterfaceOrientations_iPhone = "UIInterfaceOrientationPortrait UIInterfaceOrientationLandscapeLeft UIInterfaceOrientationLandscapeRight";
				LD_RUNPATH_SEARCH_PATHS = (
					"$(inherited)",
					"@executable_path/Frameworks",
				);
				MARKETING_VERSION = 1.0;
				PRODUCT_BUNDLE_IDENTIFIER = adomas.fieldnola;
				PRODUCT_NAME = "$(TARGET_NAME)";
				SWIFT_EMIT_LOC_STRINGS = YES;
				SWIFT_VERSION = 5.0;
				TARGETED_DEVICE_FAMILY = "1,2";
			};
			name = Release;
		};
		73C7EBB72DCE7D0900BAC253 /* Debug */ = {
			isa = XCBuildConfiguration;
			buildSettings = {
				BUNDLE_LOADER = "$(TEST_HOST)";
				CODE_SIGN_STYLE = Automatic;
				CURRENT_PROJECT_VERSION = 1;
				DEVELOPMENT_TEAM = 33UD8ZN95P;
				GENERATE_INFOPLIST_FILE = YES;
				IPHONEOS_DEPLOYMENT_TARGET = 18.2;
				MARKETING_VERSION = 1.0;
				PRODUCT_BUNDLE_IDENTIFIER = adomas.fieldnolaTests;
				PRODUCT_NAME = "$(TARGET_NAME)";
				SWIFT_EMIT_LOC_STRINGS = NO;
				SWIFT_VERSION = 5.0;
				TARGETED_DEVICE_FAMILY = "1,2";
				TEST_HOST = "$(BUILT_PRODUCTS_DIR)/fieldnola.app/$(BUNDLE_EXECUTABLE_FOLDER_PATH)/fieldnola";
			};
			name = Debug;
		};
		73C7EBB82DCE7D0900BAC253 /* Release */ = {
			isa = XCBuildConfiguration;
			buildSettings = {
				BUNDLE_LOADER = "$(TEST_HOST)";
				CODE_SIGN_STYLE = Automatic;
				CURRENT_PROJECT_VERSION = 1;
				DEVELOPMENT_TEAM = 33UD8ZN95P;
				GENERATE_INFOPLIST_FILE = YES;
				IPHONEOS_DEPLOYMENT_TARGET = 18.2;
				MARKETING_VERSION = 1.0;
				PRODUCT_BUNDLE_IDENTIFIER = adomas.fieldnolaTests;
				PRODUCT_NAME = "$(TARGET_NAME)";
				SWIFT_EMIT_LOC_STRINGS = NO;
				SWIFT_VERSION = 5.0;
				TARGETED_DEVICE_FAMILY = "1,2";
				TEST_HOST = "$(BUILT_PRODUCTS_DIR)/fieldnola.app/$(BUNDLE_EXECUTABLE_FOLDER_PATH)/fieldnola";
			};
			name = Release;
		};
		73C7EBBA2DCE7D0900BAC253 /* Debug */ = {
			isa = XCBuildConfiguration;
			buildSettings = {
				CODE_SIGN_STYLE = Automatic;
				CURRENT_PROJECT_VERSION = 1;
				DEVELOPMENT_TEAM = 33UD8ZN95P;
				GENERATE_INFOPLIST_FILE = YES;
				MARKETING_VERSION = 1.0;
				PRODUCT_BUNDLE_IDENTIFIER = adomas.fieldnolaUITests;
				PRODUCT_NAME = "$(TARGET_NAME)";
				SWIFT_EMIT_LOC_STRINGS = NO;
				SWIFT_VERSION = 5.0;
				TARGETED_DEVICE_FAMILY = "1,2";
				TEST_TARGET_NAME = fieldnola;
			};
			name = Debug;
		};
		73C7EBBB2DCE7D0900BAC253 /* Release */ = {
			isa = XCBuildConfiguration;
			buildSettings = {
				CODE_SIGN_STYLE = Automatic;
				CURRENT_PROJECT_VERSION = 1;
				DEVELOPMENT_TEAM = 33UD8ZN95P;
				GENERATE_INFOPLIST_FILE = YES;
				MARKETING_VERSION = 1.0;
				PRODUCT_BUNDLE_IDENTIFIER = adomas.fieldnolaUITests;
				PRODUCT_NAME = "$(TARGET_NAME)";
				SWIFT_EMIT_LOC_STRINGS = NO;
				SWIFT_VERSION = 5.0;
				TARGETED_DEVICE_FAMILY = "1,2";
				TEST_TARGET_NAME = fieldnola;
			};
			name = Release;
		};
		73C7EBF32DCF963E00BAC253 /* Debug */ = {
			isa = XCBuildConfiguration;
			buildSettings = {
				ASSETCATALOG_COMPILER_GLOBAL_ACCENT_COLOR_NAME = AccentColor;
				ASSETCATALOG_COMPILER_WIDGET_BACKGROUND_COLOR_NAME = WidgetBackground;
				CODE_SIGN_STYLE = Automatic;
				CURRENT_PROJECT_VERSION = 1;
				DEVELOPMENT_TEAM = 33UD8ZN95P;
				GENERATE_INFOPLIST_FILE = YES;
				INFOPLIST_FILE = LiveRecording/Info.plist;
				INFOPLIST_KEY_CFBundleDisplayName = LiveRecording;
				INFOPLIST_KEY_NSHumanReadableCopyright = "";
				LD_RUNPATH_SEARCH_PATHS = (
					"$(inherited)",
					"@executable_path/Frameworks",
					"@executable_path/../../Frameworks",
				);
				MARKETING_VERSION = 1.0;
				PRODUCT_BUNDLE_IDENTIFIER = adomas.fieldnola.LiveRecording;
				PRODUCT_NAME = "$(TARGET_NAME)";
				SKIP_INSTALL = YES;
				SWIFT_EMIT_LOC_STRINGS = YES;
				SWIFT_VERSION = 5.0;
				TARGETED_DEVICE_FAMILY = "1,2";
			};
			name = Debug;
		};
		73C7EBF42DCF963E00BAC253 /* Release */ = {
			isa = XCBuildConfiguration;
			buildSettings = {
				ASSETCATALOG_COMPILER_GLOBAL_ACCENT_COLOR_NAME = AccentColor;
				ASSETCATALOG_COMPILER_WIDGET_BACKGROUND_COLOR_NAME = WidgetBackground;
				CODE_SIGN_STYLE = Automatic;
				CURRENT_PROJECT_VERSION = 1;
				DEVELOPMENT_TEAM = 33UD8ZN95P;
				GENERATE_INFOPLIST_FILE = YES;
				INFOPLIST_FILE = LiveRecording/Info.plist;
				INFOPLIST_KEY_CFBundleDisplayName = LiveRecording;
				INFOPLIST_KEY_NSHumanReadableCopyright = "";
				LD_RUNPATH_SEARCH_PATHS = (
					"$(inherited)",
					"@executable_path/Frameworks",
					"@executable_path/../../Frameworks",
				);
				MARKETING_VERSION = 1.0;
				PRODUCT_BUNDLE_IDENTIFIER = adomas.fieldnola.LiveRecording;
				PRODUCT_NAME = "$(TARGET_NAME)";
				SKIP_INSTALL = YES;
				SWIFT_EMIT_LOC_STRINGS = YES;
				SWIFT_VERSION = 5.0;
				TARGETED_DEVICE_FAMILY = "1,2";
			};
			name = Release;
		};
/* End XCBuildConfiguration section */

/* Begin XCConfigurationList section */
		73C7EB8A2DCE7D0800BAC253 /* Build configuration list for PBXProject "fieldnola" */ = {
			isa = XCConfigurationList;
			buildConfigurations = (
				73C7EBB12DCE7D0900BAC253 /* Debug */,
				73C7EBB22DCE7D0900BAC253 /* Release */,
			);
			defaultConfigurationIsVisible = 0;
			defaultConfigurationName = Release;
		};
		73C7EBB32DCE7D0900BAC253 /* Build configuration list for PBXNativeTarget "fieldnola" */ = {
			isa = XCConfigurationList;
			buildConfigurations = (
				73C7EBB42DCE7D0900BAC253 /* Debug */,
				73C7EBB52DCE7D0900BAC253 /* Release */,
			);
			defaultConfigurationIsVisible = 0;
			defaultConfigurationName = Release;
		};
		73C7EBB62DCE7D0900BAC253 /* Build configuration list for PBXNativeTarget "fieldnolaTests" */ = {
			isa = XCConfigurationList;
			buildConfigurations = (
				73C7EBB72DCE7D0900BAC253 /* Debug */,
				73C7EBB82DCE7D0900BAC253 /* Release */,
			);
			defaultConfigurationIsVisible = 0;
			defaultConfigurationName = Release;
		};
		73C7EBB92DCE7D0900BAC253 /* Build configuration list for PBXNativeTarget "fieldnolaUITests" */ = {
			isa = XCConfigurationList;
			buildConfigurations = (
				73C7EBBA2DCE7D0900BAC253 /* Debug */,
				73C7EBBB2DCE7D0900BAC253 /* Release */,
			);
			defaultConfigurationIsVisible = 0;
			defaultConfigurationName = Release;
		};
		73C7EBF22DCF963E00BAC253 /* Build configuration list for PBXNativeTarget "LiveRecordingExtension" */ = {
			isa = XCConfigurationList;
			buildConfigurations = (
				73C7EBF32DCF963E00BAC253 /* Debug */,
				73C7EBF42DCF963E00BAC253 /* Release */,
			);
			defaultConfigurationIsVisible = 0;
			defaultConfigurationName = Release;
		};
/* End XCConfigurationList section */
	};
	rootObject = 73C7EB872DCE7D0800BAC253 /* Project object */;
}
